
Microsoft Visual Studio Solution File, Format Version 12.00
# Visual Studio Version 16
VisualStudioVersion = 16.0.31702.278
MinimumVisualStudioVersion = 10.0.40219.1
Project("{FAE04EC0-301F-11D3-BF4B-00C04F79EFBC}") = "todolist_finalpro_framework", "todolist_finalpro_framework\todolist_finalpro_framework.csproj", "{604D06B0-84DD-40A5-994F-340BD54F6A16}"
EndProject
Global
	GlobalSection(SolutionConfigurationPlatforms) = preSolution
		Debug|Any CPU = Debug|Any CPU
		Release|Any CPU = Release|Any CPU
	EndGlobalSection
	GlobalSection(ProjectConfigurationPlatforms) = postSolution
		{604D06B0-84DD-40A5-994F-340BD54F6A16}.Debug|Any CPU.ActiveCfg = Debug|Any CPU
		{604D06B0-84DD-40A5-994F-340BD54F6A16}.Debug|Any CPU.Build.0 = Debug|Any CPU
		{604D06B0-84DD-40A5-994F-340BD54F6A16}.Release|Any CPU.ActiveCfg = Release|Any CPU
		{604D06B0-84DD-40A5-994F-340BD54F6A16}.Release|Any CPU.Build.0 = Release|Any CPU
	EndGlobalSection
	GlobalSection(SolutionProperties) = preSolution
		HideSolutionNode = FALSE
	EndGlobalSection
	GlobalSection(ExtensibilityGlobals) = postSolution
		SolutionGuid = {741AEB34-3C27-43D1-9401-EED8838494D7}
	EndGlobalSection
EndGlobal
